// !$*UTF8*$!
{
	archiveVersion = 1;
	classes = {
	};
	objectVersion = 46;
	objects = {

/* Begin PBXBuildFile section */
		354E65F61D90B6F9008CBCEE /* StickerPackExtension.appex in Embed App Extensions */ = {isa = PBXBuildFile; fileRef = 354E65F51D90B6F9008CBCEE /* StickerPackExtension.appex */; settings = {ATTRIBUTES = (RemoveHeadersOnCopy, ); }; };
		354E65FA1D90B6F9008CBCEE /* Stickers.xcstickers in Resources */ = {isa = PBXBuildFile; fileRef = 354E65F91D90B6F9008CBCEE /* Stickers.xcstickers */; };
		354E65FB1D90B6F9008CBCEE /* Stickers.xcstickers in Resources */ = {isa = PBXBuildFile; fileRef = 354E65F91D90B6F9008CBCEE /* Stickers.xcstickers */; };
/* End PBXBuildFile section */

/* Begin PBXContainerItemProxy section */
		354E65F71D90B6F9008CBCEE /* PBXContainerItemProxy */ = {
			isa = PBXContainerItemProxy;
			containerPortal = 354E65EB1D90B6F8008CBCEE /* Project object */;
			proxyType = 1;
			remoteGlobalIDString = 354E65F41D90B6F9008CBCEE;
			remoteInfo = StickerPackExtension;
		};
/* End PBXContainerItemProxy section */

/* Begin PBXCopyFilesBuildPhase section */
		354E66011D90B6F9008CBCEE /* Embed App Extensions */ = {
			isa = PBXCopyFilesBuildPhase;
			buildActionMask = 2147483647;
			dstPath = "";
			dstSubfolderSpec = 13;
			files = (
				354E65F61D90B6F9008CBCEE /* StickerPackExtension.appex in Embed App Extensions */,
			);
			name = "Embed App Extensions";
			runOnlyForDeploymentPostprocessing = 0;
		};
/* End PBXCopyFilesBuildPhase section */

/* Begin PBXFileReference section */
		354E65F11D90B6F9008CBCEE /* mess.app */ = {isa = PBXFileReference; explicitFileType = wrapper.application; includeInIndex = 0; path = mess.app; sourceTree = BUILT_PRODUCTS_DIR; };
		354E65F51D90B6F9008CBCEE /* StickerPackExtension.appex */ = {isa = PBXFileReference; explicitFileType = "wrapper.app-extension"; includeInIndex = 0; path = StickerPackExtension.appex; sourceTree = BUILT_PRODUCTS_DIR; };
		354E65F91D90B6F9008CBCEE /* Stickers.xcstickers */ = {isa = PBXFileReference; lastKnownFileType = folder.stickers; name = Stickers.xcstickers; path = StickerPackExtension/Stickers.xcstickers; sourceTree = "<group>"; };
/* End PBXFileReference section */

/* Begin PBXGroup section */
		354E65EA1D90B6F8008CBCEE = {
			isa = PBXGroup;
			children = (
				354E65F91D90B6F9008CBCEE /* Stickers.xcstickers */,
				354E65F21D90B6F9008CBCEE /* Products */,
			);
			sourceTree = "<group>";
		};
		354E65F21D90B6F9008CBCEE /* Products */ = {
			isa = PBXGroup;
			children = (
				354E65F11D90B6F9008CBCEE /* mess.app */,
				354E65F51D90B6F9008CBCEE /* StickerPackExtension.appex */,
			);
			name = Products;
			sourceTree = "<group>";
		};
/* End PBXGroup section */

/* Begin PBXNativeTarget section */
		354E65F01D90B6F9008CBCEE /* mess */ = {
			isa = PBXNativeTarget;
			buildConfigurationList = 354E66021D90B6F9008CBCEE /* Build configuration list for PBXNativeTarget "mess" */;
			buildPhases = (
				354E65EF1D90B6F9008CBCEE /* Resources */,
				354E66011D90B6F9008CBCEE /* Embed App Extensions */,
			);
			buildRules = (
			);
			dependencies = (
				354E65F81D90B6F9008CBCEE /* PBXTargetDependency */,
			);
			name = mess;
			productName = mess;
			productReference = 354E65F11D90B6F9008CBCEE /* mess.app */;
			productType = "com.apple.product-type.application.messages";
		};
		354E65F41D90B6F9008CBCEE /* StickerPackExtension */ = {
			isa = PBXNativeTarget;
			buildConfigurationList = 354E65FE1D90B6F9008CBCEE /* Build configuration list for PBXNativeTarget "StickerPackExtension" */;
			buildPhases = (
				354E65F31D90B6F9008CBCEE /* Resources */,
			);
			buildRules = (
			);
			dependencies = (
			);
			name = StickerPackExtension;
			productName = StickerPackExtension;
			productReference = 354E65F51D90B6F9008CBCEE /* StickerPackExtension.appex */;
			productType = "com.apple.product-type.app-extension.messages-sticker-pack";
		};
/* End PBXNativeTarget section */

/* Begin PBXProject section */
		354E65EB1D90B6F8008CBCEE /* Project object */ = {
			isa = PBXProject;
			attributes = {
				LastUpgradeCheck = 0800;
				ORGANIZATIONNAME = "卢杨";
				TargetAttributes = {
					354E65F01D90B6F9008CBCEE = {
						CreatedOnToolsVersion = 8.0;
						DevelopmentTeam = 7G9YDVHJ89;
						ProvisioningStyle = Automatic;
					};
					354E65F41D90B6F9008CBCEE = {
						CreatedOnToolsVersion = 8.0;
						DevelopmentTeam = 7G9YDVHJ89;
						ProvisioningStyle = Automatic;
					};
				};
			};
			buildConfigurationList = 354E65EE1D90B6F8008CBCEE /* Build configuration list for PBXProject "mess" */;
			compatibilityVersion = "Xcode 3.2";
			developmentRegion = English;
			hasScannedForEncodings = 0;
			knownRegions = (
				en,
			);
			mainGroup = 354E65EA1D90B6F8008CBCEE;
			productRefGroup = 354E65F21D90B6F9008CBCEE /* Products */;
			projectDirPath = "";
			projectRoot = "";
			targets = (
				354E65F01D90B6F9008CBCEE /* mess */,
				354E65F41D90B6F9008CBCEE /* StickerPackExtension */,
			);
		};
/* End PBXProject section */

/* Begin PBXResourcesBuildPhase section */
		354E65EF1D90B6F9008CBCEE /* Resources */ = {
			isa = PBXResourcesBuildPhase;
			buildActionMask = 2147483647;
			files = (
				354E65FB1D90B6F9008CBCEE /* Stickers.xcstickers in Resources */,
			);
			runOnlyForDeploymentPostprocessing = 0;
		};
		354E65F31D90B6F9008CBCEE /* Resources */ = {
			isa = PBXResourcesBuildPhase;
			buildActionMask = 2147483647;
			files = (
				354E65FA1D90B6F9008CBCEE /* Stickers.xcstickers in Resources */,
			);
			runOnlyForDeploymentPostprocessing = 0;
		};
/* End PBXResourcesBuildPhase section */

/* Begin PBXTargetDependency section */
		354E65F81D90B6F9008CBCEE /* PBXTargetDependency */ = {
			isa = PBXTargetDependency;
			target = 354E65F41D90B6F9008CBCEE /* StickerPackExtension */;
			targetProxy = 354E65F71D90B6F9008CBCEE /* PBXContainerItemProxy */;
		};
/* End PBXTargetDependency section */

/* Begin XCBuildConfiguration section */
		354E65FC1D90B6F9008CBCEE /* Debug */ = {
			isa = XCBuildConfiguration;
			buildSettings = {
				ALWAYS_SEARCH_USER_PATHS = NO;
				CLANG_ANALYZER_NONNULL = YES;
				CLANG_CXX_LANGUAGE_STANDARD = "gnu++0x";
				CLANG_CXX_LIBRARY = "libc++";
				CLANG_ENABLE_MODULES = YES;
				CLANG_ENABLE_OBJC_ARC = YES;
				CLANG_WARN_BOOL_CONVERSION = YES;
				CLANG_WARN_CONSTANT_CONVERSION = YES;
				CLANG_WARN_DIRECT_OBJC_ISA_USAGE = YES_ERROR;
				CLANG_WARN_DOCUMENTATION_COMMENTS = YES;
				CLANG_WARN_EMPTY_BODY = YES;
				CLANG_WARN_ENUM_CONVERSION = YES;
				CLANG_WARN_INFINITE_RECURSION = YES;
				CLANG_WARN_INT_CONVERSION = YES;
				CLANG_WARN_OBJC_ROOT_CLASS = YES_ERROR;
				CLANG_WARN_SUSPICIOUS_MOVES = YES;
				CLANG_WARN_UNREACHABLE_CODE = YES;
				CLANG_WARN__DUPLICATE_METHOD_MATCH = YES;
				"CODE_SIGN_IDENTITY[sdk=iphoneos*]" = "iPhone Developer";
				COPY_PHASE_STRIP = NO;
				DEBUG_INFORMATION_FORMAT = dwarf;
				ENABLE_STRICT_OBJC_MSGSEND = YES;
				ENABLE_TESTABILITY = YES;
				GCC_C_LANGUAGE_STANDARD = gnu99;
				GCC_DYNAMIC_NO_PIC = NO;
				GCC_NO_COMMON_BLOCKS = YES;
				GCC_OPTIMIZATION_LEVEL = 0;
				GCC_PREPROCESSOR_DEFINITIONS = (
					"DEBUG=1",
					"$(inherited)",
				);
				GCC_WARN_64_TO_32_BIT_CONVERSION = YES;
				GCC_WARN_ABOUT_RETURN_TYPE = YES_ERROR;
				GCC_WARN_UNDECLARED_SELECTOR = YES;
				GCC_WARN_UNINITIALIZED_AUTOS = YES_AGGRESSIVE;
				GCC_WARN_UNUSED_FUNCTION = YES;
				GCC_WARN_UNUSED_VARIABLE = YES;
				IPHONEOS_DEPLOYMENT_TARGET = 10.0;
				MTL_ENABLE_DEBUG_INFO = YES;
				ONLY_ACTIVE_ARCH = YES;
				SDKROOT = iphoneos;
			};
			name = Debug;
		};
		354E65FD1D90B6F9008CBCEE /* Release */ = {
			isa = XCBuildConfiguration;
			buildSettings = {
				ALWAYS_SEARCH_USER_PATHS = NO;
				CLANG_ANALYZER_NONNULL = YES;
				CLANG_CXX_LANGUAGE_STANDARD = "gnu++0x";
				CLANG_CXX_LIBRARY = "libc++";
				CLANG_ENABLE_MODULES = YES;
				CLANG_ENABLE_OBJC_ARC = YES;
				CLANG_WARN_BOOL_CONVERSION = YES;
				CLANG_WARN_CONSTANT_CONVERSION = YES;
				CLANG_WARN_DIRECT_OBJC_ISA_USAGE = YES_ERROR;
				CLANG_WARN_DOCUMENTATION_COMMENTS = YES;
				CLANG_WARN_EMPTY_BODY = YES;
				CLANG_WARN_ENUM_CONVERSION = YES;
				CLANG_WARN_INFINITE_RECURSION = YES;
				CLANG_WARN_INT_CONVERSION = YES;
				CLANG_WARN_OBJC_ROOT_CLASS = YES_ERROR;
				CLANG_WARN_SUSPICIOUS_MOVES = YES;
				CLANG_WARN_UNREACHABLE_CODE = YES;
				CLANG_WARN__DUPLICATE_METHOD_MATCH = YES;
				"CODE_SIGN_IDENTITY[sdk=iphoneos*]" = "iPhone Developer";
				COPY_PHASE_STRIP = NO;
				DEBUG_INFORMATION_FORMAT = "dwarf-with-dsym";
				ENABLE_NS_ASSERTIONS = NO;
				ENABLE_STRICT_OBJC_MSGSEND = YES;
				GCC_C_LANGUAGE_STANDARD = gnu99;
				GCC_NO_COMMON_BLOCKS = YES;
				GCC_WARN_64_TO_32_BIT_CONVERSION = YES;
				GCC_WARN_ABOUT_RETURN_TYPE = YES_ERROR;
				GCC_WARN_UNDECLARED_SELECTOR = YES;
				GCC_WARN_UNINITIALIZED_AUTOS = YES_AGGRESSIVE;
				GCC_WARN_UNUSED_FUNCTION = YES;
				GCC_WARN_UNUSED_VARIABLE = YES;
				IPHONEOS_DEPLOYMENT_TARGET = 10.0;
				MTL_ENABLE_DEBUG_INFO = NO;
				SDKROOT = iphoneos;
				VALIDATE_PRODUCT = YES;
			};
			name = Release;
		};
		354E65FF1D90B6F9008CBCEE /* Debug */ = {
			isa = XCBuildConfiguration;
			buildSettings = {
				ASSETCATALOG_COMPILER_APPICON_NAME = "iMessage App Icon";
				DEVELOPMENT_TEAM = 7G9YDVHJ89;
				INFOPLIST_FILE = StickerPackExtension/Info.plist;
				PRODUCT_BUNDLE_IDENTIFIER = com.mess.StickerPackExtension;
				PRODUCT_NAME = "$(TARGET_NAME)";
				SKIP_INSTALL = YES;
			};
			name = Debug;
		};
		354E66001D90B6F9008CBCEE /* Release */ = {
			isa = XCBuildConfiguration;
			buildSettings = {
				ASSETCATALOG_COMPILER_APPICON_NAME = "iMessage App Icon";
				DEVELOPMENT_TEAM = 7G9YDVHJ89;
				INFOPLIST_FILE = StickerPackExtension/Info.plist;
				PRODUCT_BUNDLE_IDENTIFIER = com.mess.StickerPackExtension;
				PRODUCT_NAME = "$(TARGET_NAME)";
				SKIP_INSTALL = YES;
			};
			name = Release;
		};
		354E66031D90B6F9008CBCEE /* Debug */ = {
			isa = XCBuildConfiguration;
			buildSettings = {
				ASSETCATALOG_COMPILER_APPICON_NAME = "iMessage App Icon";
				DEVELOPMENT_TEAM = 7G9YDVHJ89;
				INFOPLIST_FILE = mess/Info.plist;
				IPHONEOS_DEPLOYMENT_TARGET = 10.0;
				PRODUCT_BUNDLE_IDENTIFIER = com.mess;
				PRODUCT_NAME = "$(TARGET_NAME)";
				TARGETED_DEVICE_FAMILY = "1,2";
			};
			name = Debug;
		};
		354E66041D90B6F9008CBCEE /* Release */ = {
			isa = XCBuildConfiguration;
			buildSettings = {
				ASSETCATALOG_COMPILER_APPICON_NAME = "iMessage App Icon";
				DEVELOPMENT_TEAM = 7G9YDVHJ89;
				INFOPLIST_FILE = mess/Info.plist;
				IPHONEOS_DEPLOYMENT_TARGET = 10.0;
				PRODUCT_BUNDLE_IDENTIFIER = com.mess;
				PRODUCT_NAME = "$(TARGET_NAME)";
				TARGETED_DEVICE_FAMILY = "1,2";
			};
			name = Release;
		};
/* End XCBuildConfiguration section */

/* Begin XCConfigurationList section */
		354E65EE1D90B6F8008CBCEE /* Build configuration list for PBXProject "mess" */ = {
			isa = XCConfigurationList;
			buildConfigurations = (
				354E65FC1D90B6F9008CBCEE /* Debug */,
				354E65FD1D90B6F9008CBCEE /* Release */,
			);
			defaultConfigurationIsVisible = 0;
			defaultConfigurationName = Release;
		};
		354E65FE1D90B6F9008CBCEE /* Build configuration list for PBXNativeTarget "StickerPackExtension" */ = {
			isa = XCConfigurationList;
			buildConfigurations = (
				354E65FF1D90B6F9008CBCEE /* Debug */,
				354E66001D90B6F9008CBCEE /* Release */,
			);
			defaultConfigurationIsVisible = 0;
			defaultConfigurationName = Release;
		};
		354E66021D90B6F9008CBCEE /* Build configuration list for PBXNativeTarget "mess" */ = {
			isa = XCConfigurationList;
			buildConfigurations = (
				354E66031D90B6F9008CBCEE /* Debug */,
				354E66041D90B6F9008CBCEE /* Release */,
			);
			defaultConfigurationIsVisible = 0;
			defaultConfigurationName = Release;
		};
/* End XCConfigurationList section */
	};
	rootObject = 354E65EB1D90B6F8008CBCEE /* Project object */;
}
